{
  "version": 4,
  "terraform_version": "1.7.5",
  "serial": 3,
  "lineage": "f16fc08d-5574-c1fc-05ea-c7db4dc20618",
  "outputs": {
    "contest-ip": {
      "value": "3.249.237.253",
      "type": "string"
    }
  },
  "resources": [
    {
      "mode": "managed",
      "type": "aws_instance",
      "name": "contest",
      "provider": "provider[\"registry.terraform.io/hashicorp/aws\"]",
      "instances": [
        {
          "schema_version": 1,
          "attributes": {
            "ami": "ami-0d940f23d527c3ab1",
            "arn": "arn:aws:ec2:eu-west-1:859885329201:instance/i-0ee63dfcfc82311f9",
            "associate_public_ip_address": true,
            "availability_zone": "eu-west-1c",
            "capacity_reservation_specification": [
              {
                "capacity_reservation_preference": "open",
                "capacity_reservation_target": []
              }
            ],
            "cpu_core_count": 1,
            "cpu_options": [
              {
                "amd_sev_snp": "",
                "core_count": 1,
                "threads_per_core": 1
              }
            ],
            "cpu_threads_per_core": 1,
            "credit_specification": [
              {
                "cpu_credits": "standard"
              }
            ],
            "disable_api_stop": false,
            "disable_api_termination": false,
            "ebs_block_device": [],
            "ebs_optimized": false,
            "enclave_options": [
              {
                "enabled": false
              }
            ],
            "ephemeral_block_device": [],
            "get_password_data": false,
            "hibernation": false,
            "host_id": "",
            "host_resource_group_arn": null,
            "iam_instance_profile": "",
            "id": "i-0ee63dfcfc82311f9",
            "instance_initiated_shutdown_behavior": "stop",
            "instance_lifecycle": "",
            "instance_market_options": [],
            "instance_state": "running",
            "instance_type": "t2.micro",
            "ipv6_address_count": 0,
            "ipv6_addresses": [],
            "key_name": "KeyPairWS",
            "launch_template": [],
            "maintenance_options": [
              {
                "auto_recovery": "default"
              }
            ],
            "metadata_options": [
              {
                "http_endpoint": "enabled",
                "http_protocol_ipv6": "disabled",
                "http_put_response_hop_limit": 1,
                "http_tokens": "optional",
                "instance_metadata_tags": "disabled"
              }
            ],
            "monitoring": false,
            "network_interface": [],
            "outpost_arn": "",
            "password_data": "",
            "placement_group": "",
            "placement_partition_number": 0,
            "primary_network_interface_id": "eni-082964b43289bcb76",
            "private_dns": "ip-172-31-46-44.eu-west-1.compute.internal",
            "private_dns_name_options": [
              {
                "enable_resource_name_dns_a_record": false,
                "enable_resource_name_dns_aaaa_record": false,
                "hostname_type": "ip-name"
              }
            ],
            "private_ip": "172.31.46.44",
            "public_dns": "ec2-3-249-237-253.eu-west-1.compute.amazonaws.com",
            "public_ip": "3.249.237.253",
            "root_block_device": [
              {
                "delete_on_termination": true,
                "device_name": "/dev/sda1",
                "encrypted": false,
                "iops": 100,
                "kms_key_id": "",
                "tags": {},
                "tags_all": {},
                "throughput": 0,
                "volume_id": "vol-07995d21c799d54fa",
                "volume_size": 8,
                "volume_type": "gp2"
              }
            ],
            "secondary_private_ips": [],
            "security_groups": [
              "ContestSecurityGroup"
            ],
            "source_dest_check": true,
            "spot_instance_request_id": "",
            "subnet_id": "subnet-06c83a71",
            "tags": {
              "Description": "Workspaces",
              "Name": "WS"
            },
            "tags_all": {
              "Description": "Workspaces",
              "Name": "WS"
            },
            "tenancy": "default",
            "timeouts": null,
            "user_data": null,
            "user_data_base64": null,
            "user_data_replace_on_change": false,
            "volume_tags": null,
            "vpc_security_group_ids": [
              "sg-03f4cbf2c45c9dd6c"
            ]
          },
          "sensitive_attributes": [],
          "private": "eyJlMmJmYjczMC1lY2FhLTExZTYtOGY4OC0zNDM2M2JjN2M0YzAiOnsiY3JlYXRlIjo2MDAwMDAwMDAwMDAsImRlbGV0ZSI6MTIwMDAwMDAwMDAwMCwicmVhZCI6OTAwMDAwMDAwMDAwLCJ1cGRhdGUiOjYwMDAwMDAwMDAwMH0sInNjaGVtYV92ZXJzaW9uIjoiMSJ9"
        }
      ]
    },
    {
      "mode": "managed",
      "type": "local_file",
      "name": "ansible_inventory",
      "provider": "provider[\"registry.terraform.io/hashicorp/local\"]",
      "instances": [
        {
          "schema_version": 0,
          "attributes": {
            "content": "[aws_ec2]\n3.249.237.253\n\n[aws_ec2:vars]\nansible_ssh_user=ubuntu\nansible_ssh_private_key_file=~/MAAS/keyfiles/KeyPairWS.pem",
            "content_base64": null,
            "content_base64sha256": "eAARVCd2AQY4qwjeddMgRTdLjgh9T7RLDQdAydmdpFE=",
            "content_base64sha512": "Gt6oxyHz4aZxbXUUJktcmZ2Ab4qYCnENLlXAlu1tX1OTQ+Is/1jDfBTlGjjW9MQQqzofej3KvcAR67P8jnlozQ==",
            "content_md5": "bf6b614b08ab3907cf871ac28e07577b",
            "content_sha1": "b2c650c92c4b7e52120cd1713f6c17a2d836e267",
            "content_sha256": "780011542776010638ab08de75d32045374b8e087d4fb44b0d0740c9d99da451",
            "content_sha512": "1adea8c721f3e1a6716d7514264b5c999d806f8a980a710d2e55c096ed6d5f539343e22cff58c37c14e51a38d6f4c410ab3a1f7a3dcabdc011ebb3fc8e7968cd",
            "directory_permission": "0777",
            "file_permission": "0777",
            "filename": "/etc/ansible/hosts",
            "id": "b2c650c92c4b7e52120cd1713f6c17a2d836e267",
            "sensitive_content": null,
            "source": null
          },
          "sensitive_attributes": [],
          "dependencies": [
            "aws_instance.contest"
          ]
        }
      ]
    }
  ],
  "check_results": null
}
